
Microsoft Visual Studio Solution File, Format Version 12.00
# Visual Studio Version 16
VisualStudioVersion = 16.0.30523.141
MinimumVisualStudioVersion = 10.0.40219.1
Project("{FAE04EC0-301F-11D3-BF4B-00C04F79EFBC}") = "DigitalDesignTask2", "DigitalDesignTask2\DigitalDesignTask2.csproj", "{FAC847F0-90F4-4EA1-9D9D-87249C0F104B}"
EndProject
Global
	GlobalSection(SolutionConfigurationPlatforms) = preSolution
		Debug|Any CPU = Debug|Any CPU
		Release|Any CPU = Release|Any CPU
	EndGlobalSection
	GlobalSection(ProjectConfigurationPlatforms) = postSolution
		{FAC847F0-90F4-4EA1-9D9D-87249C0F104B}.Debug|Any CPU.ActiveCfg = Debug|Any CPU
		{FAC847F0-90F4-4EA1-9D9D-87249C0F104B}.Debug|Any CPU.Build.0 = Debug|Any CPU
		{FAC847F0-90F4-4EA1-9D9D-87249C0F104B}.Release|Any CPU.ActiveCfg = Release|Any CPU
		{FAC847F0-90F4-4EA1-9D9D-87249C0F104B}.Release|Any CPU.Build.0 = Release|Any CPU
	EndGlobalSection
	GlobalSection(SolutionProperties) = preSolution
		HideSolutionNode = FALSE
	EndGlobalSection
	GlobalSection(ExtensibilityGlobals) = postSolution
		SolutionGuid = {354082F5-D9F2-4FDD-B545-82C1A60828F9}
	EndGlobalSection
EndGlobal
